
Microsoft Visual Studio Solution File, Format Version 12.00
# Visual Studio Version 17
VisualStudioVersion = 17.11.35219.272
MinimumVisualStudioVersion = 10.0.40219.1
Project("{FAE04EC0-301F-11D3-BF4B-00C04F79EFBC}") = "Projekt1", "Projekt1\Projekt1.csproj", "{28F94CB7-9DC9-49AB-BFD8-814E07D9273F}"
EndProject
Global
	GlobalSection(SolutionConfigurationPlatforms) = preSolution
		Debug|Any CPU = Debug|Any CPU
		Release|Any CPU = Release|Any CPU
	EndGlobalSection
	GlobalSection(ProjectConfigurationPlatforms) = postSolution
		{28F94CB7-9DC9-49AB-BFD8-814E07D9273F}.Debug|Any CPU.ActiveCfg = Debug|Any CPU
		{28F94CB7-9DC9-49AB-BFD8-814E07D9273F}.Debug|Any CPU.Build.0 = Debug|Any CPU
		{28F94CB7-9DC9-49AB-BFD8-814E07D9273F}.Release|Any CPU.ActiveCfg = Release|Any CPU
		{28F94CB7-9DC9-49AB-BFD8-814E07D9273F}.Release|Any CPU.Build.0 = Release|Any CPU
	EndGlobalSection
	GlobalSection(SolutionProperties) = preSolution
		HideSolutionNode = FALSE
	EndGlobalSection
	GlobalSection(ExtensibilityGlobals) = postSolution
		SolutionGuid = {96F0BCAF-1BE2-4186-8CE4-2148393D6404}
	EndGlobalSection
EndGlobal
